lockfile_version: '1'
generated_at: '2026-06-06T13:28:28.906792+00:00'
apm_version: 0.18.0
dependencies:
- repo_url: suusanex/agent_skills_dotnet_utility
  host: github.com
  resolved_commit: 8f20bbdc5f2b071eaa6518e12ff039cf19b71d8e
  virtual_path: .agents/skills/dotnet-file-based-apps
  is_virtual: true
  package_type: claude_skill
  deployed_files:
  - .agents/skills/dotnet-file-based-apps
  content_hash: sha256:f915ad8100702665872888bdede4363e60af398d1ab1f012176361de551b05de
- repo_url: suusanex/coding_agent_plan_and_verify_process
  name: coding_agent_plan_and_verify_process-architecture-elaboration
  host: github.com
  resolved_commit: 5a0c42f554858936cc8c1132428537536fa47120
  version: 1.0.0
  virtual_path: .github/agents/architecture-elaboration.agent.md
  is_virtual: true
  depth: 2
  resolved_by: suusanex/coding_agent_plan_and_verify_process
  deployed_files:
  - .codex/agents/architecture-elaboration.toml
  deployed_file_hashes:
    .codex/agents/architecture-elaboration.toml: sha256:8089ba97604376ec2b39c1e899547ba6077cddcf3be902c4a45c9e63c56223ac
  content_hash: sha256:f947975e06dfad576753b393b45f703e189beb9dc283e3a6748ed635ffa03484
- repo_url: suusanex/coding_agent_plan_and_verify_process
  name: coding_agent_plan_and_verify_process-architecture-slice-readiness
  host: github.com
  resolved_commit: 5a0c42f554858936cc8c1132428537536fa47120
  version: 1.0.0
  virtual_path: .github/agents/architecture-slice-readiness.agent.md
  is_virtual: true
  depth: 2
  resolved_by: suusanex/coding_agent_plan_and_verify_process
  deployed_files:
  - .codex/agents/architecture-slice-readiness.toml
  deployed_file_hashes:
    .codex/agents/architecture-slice-readiness.toml: sha256:958ae0903ecd7b5a1d17518787091779b6fabbfea0c16cf649b4a77d67d14f0e
  content_hash: sha256:59da792634ef589e773fa0af9169d7179ab1dcf628f9628493dde33331aba11c
- repo_url: suusanex/coding_agent_plan_and_verify_process
  name: coding_agent_plan_and_verify_process-black-box-behavior-spec-kernel
  host: github.com
  resolved_commit: 5a0c42f554858936cc8c1132428537536fa47120
  version: 1.0.0
  virtual_path: .github/agents/black-box-behavior-spec-kernel.agent.md
  is_virtual: true
  depth: 2
  resolved_by: suusanex/coding_agent_plan_and_verify_process
  deployed_files:
  - .codex/agents/black-box-behavior-spec-kernel.toml
  deployed_file_hashes:
    .codex/agents/black-box-behavior-spec-kernel.toml: sha256:a58f35edea730dc0af27280def394d5eed4bb945df6a595ddeda5e0afb2660aa
  content_hash: sha256:0128e30c73110151d63147dbb5be685c23b332a0a9a4d0e25be81f2c92f99988
- repo_url: suusanex/coding_agent_plan_and_verify_process
  name: coding_agent_plan_and_verify_process-change-risk-triage
  host: github.com
  resolved_commit: 5a0c42f554858936cc8c1132428537536fa47120
  version: 1.0.0
  virtual_path: .github/agents/change-risk-triage.agent.md
  is_virtual: true
  depth: 2
  resolved_by: suusanex/coding_agent_plan_and_verify_process
  deployed_files:
  - .codex/agents/change-risk-triage.toml
  deployed_file_hashes:
    .codex/agents/change-risk-triage.toml: sha256:1711f72f1ca990ba85b6511a0d1e71533e583c8af2538c525d7c1a860be9a396
  content_hash: sha256:b67f45e604fc680ac20ca8641c4935806f123d1e7f237e40a9d8e8dab05341f3
- repo_url: suusanex/coding_agent_plan_and_verify_process
  name: coding_agent_plan_and_verify_process-code-review-focus-kernel
  host: github.com
  resolved_commit: 5a0c42f554858936cc8c1132428537536fa47120
  version: 1.0.0
  virtual_path: .github/agents/code-review-focus-kernel.agent.md
  is_virtual: true
  depth: 2
  resolved_by: suusanex/coding_agent_plan_and_verify_process
  deployed_files:
  - .codex/agents/code-review-focus-kernel.toml
  deployed_file_hashes:
    .codex/agents/code-review-focus-kernel.toml: sha256:b97d46cce14963d1202016b89100cb61a3eeea65246fde2106c557fce0eb2dad
  content_hash: sha256:454dc94b77e39f1c20feb2d764ac3da9859d5472fd978b17a97201388d687801
- repo_url: suusanex/coding_agent_plan_and_verify_process
  name: coding_agent_plan_and_verify_process-coverage-gap-resolution-slice
  host: github.com
  resolved_commit: 5a0c42f554858936cc8c1132428537536fa47120
  version: 1.0.0
  virtual_path: .github/agents/coverage-gap-resolution-slice.agent.md
  is_virtual: true
  depth: 2
  resolved_by: suusanex/coding_agent_plan_and_verify_process
  deployed_files:
  - .codex/agents/coverage-gap-resolution-slice.toml
  deployed_file_hashes:
    .codex/agents/coverage-gap-resolution-slice.toml: sha256:7188a3ceb6c9010096a9bf34829157aa60904ef9b0899a4902c7b196b098e02e
  content_hash: sha256:d1518ae01a10582f07a3edc28084c23f9b99012aedcdff51b211d4a4b2393b66
- repo_url: suusanex/coding_agent_plan_and_verify_process
  name: coding_agent_plan_and_verify_process-coverage-gap-triage
  host: github.com
  resolved_commit: 5a0c42f554858936cc8c1132428537536fa47120
  version: 1.0.0
  virtual_path: .github/agents/coverage-gap-triage.agent.md
  is_virtual: true
  depth: 2
  resolved_by: suusanex/coding_agent_plan_and_verify_process
  deployed_files:
  - .codex/agents/coverage-gap-triage.toml
  deployed_file_hashes:
    .codex/agents/coverage-gap-triage.toml: sha256:d60473a65be9c3cb0e57c87b06e6a962d28a25bb6af1e08e72f86c19ee7099aa
  content_hash: sha256:8973e5598b8f5b3a25f7cada4b3ccb19e50bb6bd8ded8a3f47991935a68613d6
- repo_url: suusanex/coding_agent_plan_and_verify_process
  name: coding_agent_plan_and_verify_process-cross-slice-verification-kernel
  host: github.com
  resolved_commit: 5a0c42f554858936cc8c1132428537536fa47120
  version: 1.0.0
  virtual_path: .github/agents/cross-slice-verification-kernel.agent.md
  is_virtual: true
  depth: 2
  resolved_by: suusanex/coding_agent_plan_and_verify_process
  deployed_files:
  - .codex/agents/cross-slice-verification-kernel.toml
  deployed_file_hashes:
    .codex/agents/cross-slice-verification-kernel.toml: sha256:e236249c503721e1b427c559533019228b1677df97fdb078d6d648ab963f8ea2
  content_hash: sha256:27abfd2553dee0146bf44581a9a725d47ed2325b51c67f0165fc7587e1609a87
- repo_url: suusanex/coding_agent_plan_and_verify_process
  name: coding_agent_plan_and_verify_process-high-implementation-starter
  host: github.com
  resolved_commit: 5a0c42f554858936cc8c1132428537536fa47120
  version: 1.0.0
  virtual_path: .github/agents/high-implementation-starter.agent.md
  is_virtual: true
  depth: 2
  resolved_by: suusanex/coding_agent_plan_and_verify_process
  deployed_files:
  - .codex/agents/high-implementation-starter.toml
  deployed_file_hashes:
    .codex/agents/high-implementation-starter.toml: sha256:ab568173fc21c5f4873afcf4096b2b6c9341d23123742bea70430215f3d0a359
  content_hash: sha256:ef1e5a12a44bf6c650a8404c561ee1070496e40e33b009c28cb24ff170f41a22
- repo_url: suusanex/coding_agent_plan_and_verify_process
  name: coding_agent_plan_and_verify_process-implementation-contract-kernel
  host: github.com
  resolved_commit: 5a0c42f554858936cc8c1132428537536fa47120
  version: 1.0.0
  virtual_path: .github/agents/implementation-contract-kernel.agent.md
  is_virtual: true
  depth: 2
  resolved_by: suusanex/coding_agent_plan_and_verify_process
  deployed_files:
  - .codex/agents/implementation-contract-kernel.toml
  deployed_file_hashes:
    .codex/agents/implementation-contract-kernel.toml: sha256:2ad060f56aec6da303dee8e1ecb2f3d7d2f6ac22ec12da26daeaed595ece12c6
  content_hash: sha256:f5d1470a055768399cec71201c5adb0dde72e747bad1425f66302319586693b0
- repo_url: suusanex/coding_agent_plan_and_verify_process
  name: coding_agent_plan_and_verify_process-implementation-contract-review-kernel
  host: github.com
  resolved_commit: 5a0c42f554858936cc8c1132428537536fa47120
  version: 1.0.0
  virtual_path: .github/agents/implementation-contract-review-kernel.agent.md
  is_virtual: true
  depth: 2
  resolved_by: suusanex/coding_agent_plan_and_verify_process
  deployed_files:
  - .codex/agents/implementation-contract-review-kernel.toml
  deployed_file_hashes:
    .codex/agents/implementation-contract-review-kernel.toml: sha256:faf21e42a962bc3c37055e5c39613231cae160212dc7e0d257c60b86f44c2d12
  content_hash: sha256:09e37415c617c24a21ad92171d1fb9c04195d790d348f7bf7b79dacaf013c3fc
- repo_url: suusanex/coding_agent_plan_and_verify_process
  name: coding_agent_plan_and_verify_process-implementation-execution
  host: github.com
  resolved_commit: 5a0c42f554858936cc8c1132428537536fa47120
  version: 1.0.0
  virtual_path: .github/agents/implementation-execution.agent.md
  is_virtual: true
  depth: 2
  resolved_by: suusanex/coding_agent_plan_and_verify_process
  deployed_files:
  - .codex/agents/implementation-execution.toml
  deployed_file_hashes:
    .codex/agents/implementation-execution.toml: sha256:c4b73a4746b954c0dc9edacec9326e326b11798646f5df3f77a0d8effd9d6384
  content_hash: sha256:932e37015591d217cb312be1e67c4fe3b8d691f6b2492afbd19343ae49124d8f
- repo_url: suusanex/coding_agent_plan_and_verify_process
  name: coding_agent_plan_and_verify_process-implementation-handoff-review
  host: github.com
  resolved_commit: 5a0c42f554858936cc8c1132428537536fa47120
  version: 1.0.0
  virtual_path: .github/agents/implementation-handoff-review.agent.md
  is_virtual: true
  depth: 2
  resolved_by: suusanex/coding_agent_plan_and_verify_process
  deployed_files:
  - .codex/agents/implementation-handoff-review.toml
  deployed_file_hashes:
    .codex/agents/implementation-handoff-review.toml: sha256:7397b75eb5be9fde445b75c6dbfeaef70a818ff5ac388a7c17aacfaba40f5d8c
  content_hash: sha256:634577800a558e5c759813cbbff984a5049d91e1852acf2870c178e0a3a823f8
- repo_url: suusanex/coding_agent_plan_and_verify_process
  name: coding_agent_plan_and_verify_process-plan-kernel
  host: github.com
  resolved_commit: 5a0c42f554858936cc8c1132428537536fa47120
  version: 1.0.0
  virtual_path: .github/agents/plan-kernel.agent.md
  is_virtual: true
  depth: 2
  resolved_by: suusanex/coding_agent_plan_and_verify_process
  deployed_files:
  - .codex/agents/plan-kernel.toml
  deployed_file_hashes:
    .codex/agents/plan-kernel.toml: sha256:300fbaaa6075036c995d1d1f9d1fe94d98944a4eb8deb721ec4e40b917638769
  content_hash: sha256:99f7bf62fdbd7c56c1f3feb002bdc3b5ab81a9b9fe71050f45fd2f6933c2984b
- repo_url: suusanex/coding_agent_plan_and_verify_process
  name: coding_agent_plan_and_verify_process-plan-slice-decomposition
  host: github.com
  resolved_commit: 5a0c42f554858936cc8c1132428537536fa47120
  version: 1.0.0
  virtual_path: .github/agents/plan-slice-decomposition.agent.md
  is_virtual: true
  depth: 2
  resolved_by: suusanex/coding_agent_plan_and_verify_process
  deployed_files:
  - .codex/agents/plan-slice-decomposition.toml
  deployed_file_hashes:
    .codex/agents/plan-slice-decomposition.toml: sha256:7811a30a90420f555d68fe3031dfccad4be34a0ea99c8e6f17267cf018e2069d
  content_hash: sha256:3dcad8f2f11d526dd016004b6e64bf70243750c4f0438cafb65d65ef7fbffe0f
- repo_url: suusanex/coding_agent_plan_and_verify_process
  name: coding_agent_plan_and_verify_process-residual-decision-gate
  host: github.com
  resolved_commit: 5a0c42f554858936cc8c1132428537536fa47120
  version: 1.0.0
  virtual_path: .github/agents/residual-decision-gate.agent.md
  is_virtual: true
  depth: 2
  resolved_by: suusanex/coding_agent_plan_and_verify_process
  deployed_files:
  - .codex/agents/residual-decision-gate.toml
  deployed_file_hashes:
    .codex/agents/residual-decision-gate.toml: sha256:47ad8eae2cb2a2ef3ebc8505bba3a33332c4b27adc23b24988f51244ae7de9d5
  content_hash: sha256:45ca62111c832b9caabf469499d012dbafaa3163b7bc366ab6a91de94d0edd11
- repo_url: suusanex/coding_agent_plan_and_verify_process
  name: coding_agent_plan_and_verify_process-runtime-contract-kernel
  host: github.com
  resolved_commit: 5a0c42f554858936cc8c1132428537536fa47120
  version: 1.0.0
  virtual_path: .github/agents/runtime-contract-kernel.agent.md
  is_virtual: true
  depth: 2
  resolved_by: suusanex/coding_agent_plan_and_verify_process
  deployed_files:
  - .codex/agents/runtime-contract-kernel.toml
  deployed_file_hashes:
    .codex/agents/runtime-contract-kernel.toml: sha256:8e97b2abdd606e5f131701b6412531584bb131dbe184486448461feefc18854d
  content_hash: sha256:cc91ab2de3dd9879add2a4b355cd31f2552c95f94a58ccf7e64bba136c49f8b4
- repo_url: suusanex/coding_agent_plan_and_verify_process
  name: coding_agent_plan_and_verify_process-standard-implementation-completer
  host: github.com
  resolved_commit: 5a0c42f554858936cc8c1132428537536fa47120
  version: 1.0.0
  virtual_path: .github/agents/standard-implementation-completer.agent.md
  is_virtual: true
  depth: 2
  resolved_by: suusanex/coding_agent_plan_and_verify_process
  deployed_files:
  - .codex/agents/standard-implementation-completer.toml
  deployed_file_hashes:
    .codex/agents/standard-implementation-completer.toml: sha256:23fd768eb0991e8c30c1ca6c3cde73162e7552401bf69ad74a95b8902466394c
  content_hash: sha256:f19bbfe0509b6a049c0a8dabadc6c7d0bf6f6fb66eb08da7d9a302ba57ac9403
- repo_url: suusanex/coding_agent_plan_and_verify_process
  name: coding_agent_plan_and_verify_process-test-design-kernel
  host: github.com
  resolved_commit: 5a0c42f554858936cc8c1132428537536fa47120
  version: 1.0.0
  virtual_path: .github/agents/test-design-kernel.agent.md
  is_virtual: true
  depth: 2
  resolved_by: suusanex/coding_agent_plan_and_verify_process
  deployed_files:
  - .codex/agents/test-design-kernel.toml
  deployed_file_hashes:
    .codex/agents/test-design-kernel.toml: sha256:748eb9d1db8ace8b9aaadf8bb442fa673b483e6a1a369c1c0c9c493f639f916f
  content_hash: sha256:692da64fd344e388d8032213bb6cf04c99767035b1d7e055ea90f68026c19a8e
- repo_url: suusanex/coding_agent_plan_and_verify_process
  name: coding_agent_plan_and_verify_process-verification-kernel
  host: github.com
  resolved_commit: 5a0c42f554858936cc8c1132428537536fa47120
  version: 1.0.0
  virtual_path: .github/agents/verification-kernel.agent.md
  is_virtual: true
  depth: 2
  resolved_by: suusanex/coding_agent_plan_and_verify_process
  deployed_files:
  - .codex/agents/verification-kernel.toml
  deployed_file_hashes:
    .codex/agents/verification-kernel.toml: sha256:f270084aa1312b693b3c2251420f2582d8dd8fa579d1d47b6c6c859ecfd7f50a
  content_hash: sha256:a928673dd2dbbfc9c519b3b5551d7ef27631d5d8a85c3a8e0f1094e758d9534e
- repo_url: suusanex/coding_agent_plan_and_verify_process
  name: coding_agent_plan_and_verify_process-plan-coverage-shared
  host: github.com
  resolved_commit: 5a0c42f554858936cc8c1132428537536fa47120
  version: 1.0.0
  virtual_path: .github/instructions/plan-coverage-shared.instructions.md
  is_virtual: true
  depth: 2
  resolved_by: suusanex/coding_agent_plan_and_verify_process
  content_hash: sha256:e9ab60a0001dc4af48e0c5fa15ec5af2938ce1fb253e1fccb01bc71dd1cba5cd
- repo_url: suusanex/coding_agent_plan_and_verify_process
  name: adaptive-implementation-execution
  host: github.com
  resolved_commit: 5a0c42f554858936cc8c1132428537536fa47120
  version: unknown
  virtual_path: apm-packages/adaptive-implementation-execution/.apm/skills/adaptive-implementation-execution
  is_virtual: true
  depth: 2
  resolved_by: suusanex/coding_agent_plan_and_verify_process
  package_type: claude_skill
  deployed_files:
  - .agents/skills/adaptive-implementation-execution
  - .agents/skills/adaptive-implementation-execution/SKILL.md
  - .agents/skills/adaptive-implementation-execution/refs/handoff.md
  - .agents/skills/adaptive-implementation-execution/refs/intent.md
  deployed_file_hashes:
    .agents/skills/adaptive-implementation-execution/SKILL.md: sha256:da1b33ba35d45aca2fb27bf606be3bea5bf735caad4c1d51be74dde09115aadc
    .agents/skills/adaptive-implementation-execution/refs/handoff.md: sha256:fabbcf0afea10cefde9ed4c07cce9031127d974ee24db4b4e03872dac9ad0d33
    .agents/skills/adaptive-implementation-execution/refs/intent.md: sha256:4f38d5fe12569fe20c1782438b4528f5ac99fa20cd4be682bab25732c0244da5
  content_hash: sha256:5bf4710ba435ae3127b067150f546825ca66f887343e213314b83035094ccc4e
deployments:
- kind: project-relative
  target: agents
  value: .agents/skills/adaptive-implementation-execution
  runtime: null
  scope: project
  owners:
  - suusanex/coding_agent_plan_and_verify_process/apm-packages/adaptive-implementation-execution/.apm/skills/adaptive-implementation-execution
  active_owner: suusanex/coding_agent_plan_and_verify_process/apm-packages/adaptive-implementation-execution/.apm/skills/adaptive-implementation-execution
  content_hash: null
- kind: project-relative
  target: agents
  value: .agents/skills/adaptive-implementation-execution/SKILL.md
  runtime: null
  scope: project
  owners:
  - suusanex/coding_agent_plan_and_verify_process/apm-packages/adaptive-implementation-execution/.apm/skills/adaptive-implementation-execution
  active_owner: suusanex/coding_agent_plan_and_verify_process/apm-packages/adaptive-implementation-execution/.apm/skills/adaptive-implementation-execution
  content_hash: sha256:da1b33ba35d45aca2fb27bf606be3bea5bf735caad4c1d51be74dde09115aadc
- kind: project-relative
  target: agents
  value: .agents/skills/adaptive-implementation-execution/refs/handoff.md
  runtime: null
  scope: project
  owners:
  - suusanex/coding_agent_plan_and_verify_process/apm-packages/adaptive-implementation-execution/.apm/skills/adaptive-implementation-execution
  active_owner: suusanex/coding_agent_plan_and_verify_process/apm-packages/adaptive-implementation-execution/.apm/skills/adaptive-implementation-execution
  content_hash: sha256:fabbcf0afea10cefde9ed4c07cce9031127d974ee24db4b4e03872dac9ad0d33
- kind: project-relative
  target: agents
  value: .agents/skills/adaptive-implementation-execution/refs/intent.md
  runtime: null
  scope: project
  owners:
  - suusanex/coding_agent_plan_and_verify_process/apm-packages/adaptive-implementation-execution/.apm/skills/adaptive-implementation-execution
  active_owner: suusanex/coding_agent_plan_and_verify_process/apm-packages/adaptive-implementation-execution/.apm/skills/adaptive-implementation-execution
  content_hash: sha256:4f38d5fe12569fe20c1782438b4528f5ac99fa20cd4be682bab25732c0244da5
- kind: project-relative
  target: agents
  value: .agents/skills/dotnet-file-based-apps
  runtime: null
  scope: project
  owners:
  - suusanex/agent_skills_dotnet_utility/.agents/skills/dotnet-file-based-apps
  active_owner: suusanex/agent_skills_dotnet_utility/.agents/skills/dotnet-file-based-apps
  content_hash: null
- kind: project-relative
  target: codex
  value: .codex/agents/architecture-elaboration.toml
  runtime: null
  scope: project
  owners:
  - suusanex/coding_agent_plan_and_verify_process/.github/agents/architecture-elaboration.agent.md
  active_owner: suusanex/coding_agent_plan_and_verify_process/.github/agents/architecture-elaboration.agent.md
  content_hash: sha256:8089ba97604376ec2b39c1e899547ba6077cddcf3be902c4a45c9e63c56223ac
- kind: project-relative
  target: codex
  value: .codex/agents/architecture-slice-readiness.toml
  runtime: null
  scope: project
  owners:
  - suusanex/coding_agent_plan_and_verify_process/.github/agents/architecture-slice-readiness.agent.md
  active_owner: suusanex/coding_agent_plan_and_verify_process/.github/agents/architecture-slice-readiness.agent.md
  content_hash: sha256:958ae0903ecd7b5a1d17518787091779b6fabbfea0c16cf649b4a77d67d14f0e
- kind: project-relative
  target: codex
  value: .codex/agents/black-box-behavior-spec-kernel.toml
  runtime: null
  scope: project
  owners:
  - suusanex/coding_agent_plan_and_verify_process/.github/agents/black-box-behavior-spec-kernel.agent.md
  active_owner: suusanex/coding_agent_plan_and_verify_process/.github/agents/black-box-behavior-spec-kernel.agent.md
  content_hash: sha256:a58f35edea730dc0af27280def394d5eed4bb945df6a595ddeda5e0afb2660aa
- kind: project-relative
  target: codex
  value: .codex/agents/change-risk-triage.toml
  runtime: null
  scope: project
  owners:
  - suusanex/coding_agent_plan_and_verify_process/.github/agents/change-risk-triage.agent.md
  active_owner: suusanex/coding_agent_plan_and_verify_process/.github/agents/change-risk-triage.agent.md
  content_hash: sha256:1711f72f1ca990ba85b6511a0d1e71533e583c8af2538c525d7c1a860be9a396
- kind: project-relative
  target: codex
  value: .codex/agents/code-review-focus-kernel.toml
  runtime: null
  scope: project
  owners:
  - suusanex/coding_agent_plan_and_verify_process/.github/agents/code-review-focus-kernel.agent.md
  active_owner: suusanex/coding_agent_plan_and_verify_process/.github/agents/code-review-focus-kernel.agent.md
  content_hash: sha256:b97d46cce14963d1202016b89100cb61a3eeea65246fde2106c557fce0eb2dad
- kind: project-relative
  target: codex
  value: .codex/agents/coverage-gap-resolution-slice.toml
  runtime: null
  scope: project
  owners:
  - suusanex/coding_agent_plan_and_verify_process/.github/agents/coverage-gap-resolution-slice.agent.md
  active_owner: suusanex/coding_agent_plan_and_verify_process/.github/agents/coverage-gap-resolution-slice.agent.md
  content_hash: sha256:7188a3ceb6c9010096a9bf34829157aa60904ef9b0899a4902c7b196b098e02e
- kind: project-relative
  target: codex
  value: .codex/agents/coverage-gap-triage.toml
  runtime: null
  scope: project
  owners:
  - suusanex/coding_agent_plan_and_verify_process/.github/agents/coverage-gap-triage.agent.md
  active_owner: suusanex/coding_agent_plan_and_verify_process/.github/agents/coverage-gap-triage.agent.md
  content_hash: sha256:d60473a65be9c3cb0e57c87b06e6a962d28a25bb6af1e08e72f86c19ee7099aa
- kind: project-relative
  target: codex
  value: .codex/agents/cross-slice-verification-kernel.toml
  runtime: null
  scope: project
  owners:
  - suusanex/coding_agent_plan_and_verify_process/.github/agents/cross-slice-verification-kernel.agent.md
  active_owner: suusanex/coding_agent_plan_and_verify_process/.github/agents/cross-slice-verification-kernel.agent.md
  content_hash: sha256:e236249c503721e1b427c559533019228b1677df97fdb078d6d648ab963f8ea2
- kind: project-relative
  target: codex
  value: .codex/agents/high-implementation-starter.toml
  runtime: null
  scope: project
  owners:
  - suusanex/coding_agent_plan_and_verify_process/.github/agents/high-implementation-starter.agent.md
  active_owner: suusanex/coding_agent_plan_and_verify_process/.github/agents/high-implementation-starter.agent.md
  content_hash: sha256:ab568173fc21c5f4873afcf4096b2b6c9341d23123742bea70430215f3d0a359
- kind: project-relative
  target: codex
  value: .codex/agents/implementation-contract-kernel.toml
  runtime: null
  scope: project
  owners:
  - suusanex/coding_agent_plan_and_verify_process/.github/agents/implementation-contract-kernel.agent.md
  active_owner: suusanex/coding_agent_plan_and_verify_process/.github/agents/implementation-contract-kernel.agent.md
  content_hash: sha256:2ad060f56aec6da303dee8e1ecb2f3d7d2f6ac22ec12da26daeaed595ece12c6
- kind: project-relative
  target: codex
  value: .codex/agents/implementation-contract-review-kernel.toml
  runtime: null
  scope: project
  owners:
  - suusanex/coding_agent_plan_and_verify_process/.github/agents/implementation-contract-review-kernel.agent.md
  active_owner: suusanex/coding_agent_plan_and_verify_process/.github/agents/implementation-contract-review-kernel.agent.md
  content_hash: sha256:faf21e42a962bc3c37055e5c39613231cae160212dc7e0d257c60b86f44c2d12
- kind: project-relative
  target: codex
  value: .codex/agents/implementation-execution.toml
  runtime: null
  scope: project
  owners:
  - suusanex/coding_agent_plan_and_verify_process/.github/agents/implementation-execution.agent.md
  active_owner: suusanex/coding_agent_plan_and_verify_process/.github/agents/implementation-execution.agent.md
  content_hash: sha256:c4b73a4746b954c0dc9edacec9326e326b11798646f5df3f77a0d8effd9d6384
- kind: project-relative
  target: codex
  value: .codex/agents/implementation-handoff-review.toml
  runtime: null
  scope: project
  owners:
  - suusanex/coding_agent_plan_and_verify_process/.github/agents/implementation-handoff-review.agent.md
  active_owner: suusanex/coding_agent_plan_and_verify_process/.github/agents/implementation-handoff-review.agent.md
  content_hash: sha256:7397b75eb5be9fde445b75c6dbfeaef70a818ff5ac388a7c17aacfaba40f5d8c
- kind: project-relative
  target: codex
  value: .codex/agents/plan-kernel.toml
  runtime: null
  scope: project
  owners:
  - suusanex/coding_agent_plan_and_verify_process/.github/agents/plan-kernel.agent.md
  active_owner: suusanex/coding_agent_plan_and_verify_process/.github/agents/plan-kernel.agent.md
  content_hash: sha256:300fbaaa6075036c995d1d1f9d1fe94d98944a4eb8deb721ec4e40b917638769
- kind: project-relative
  target: codex
  value: .codex/agents/plan-slice-decomposition.toml
  runtime: null
  scope: project
  owners:
  - suusanex/coding_agent_plan_and_verify_process/.github/agents/plan-slice-decomposition.agent.md
  active_owner: suusanex/coding_agent_plan_and_verify_process/.github/agents/plan-slice-decomposition.agent.md
  content_hash: sha256:7811a30a90420f555d68fe3031dfccad4be34a0ea99c8e6f17267cf018e2069d
- kind: project-relative
  target: codex
  value: .codex/agents/residual-decision-gate.toml
  runtime: null
  scope: project
  owners:
  - suusanex/coding_agent_plan_and_verify_process/.github/agents/residual-decision-gate.agent.md
  active_owner: suusanex/coding_agent_plan_and_verify_process/.github/agents/residual-decision-gate.agent.md
  content_hash: sha256:47ad8eae2cb2a2ef3ebc8505bba3a33332c4b27adc23b24988f51244ae7de9d5
- kind: project-relative
  target: codex
  value: .codex/agents/runtime-contract-kernel.toml
  runtime: null
  scope: project
  owners:
  - suusanex/coding_agent_plan_and_verify_process/.github/agents/runtime-contract-kernel.agent.md
  active_owner: suusanex/coding_agent_plan_and_verify_process/.github/agents/runtime-contract-kernel.agent.md
  content_hash: sha256:8e97b2abdd606e5f131701b6412531584bb131dbe184486448461feefc18854d
- kind: project-relative
  target: codex
  value: .codex/agents/standard-implementation-completer.toml
  runtime: null
  scope: project
  owners:
  - suusanex/coding_agent_plan_and_verify_process/.github/agents/standard-implementation-completer.agent.md
  active_owner: suusanex/coding_agent_plan_and_verify_process/.github/agents/standard-implementation-completer.agent.md
  content_hash: sha256:23fd768eb0991e8c30c1ca6c3cde73162e7552401bf69ad74a95b8902466394c
- kind: project-relative
  target: codex
  value: .codex/agents/test-design-kernel.toml
  runtime: null
  scope: project
  owners:
  - suusanex/coding_agent_plan_and_verify_process/.github/agents/test-design-kernel.agent.md
  active_owner: suusanex/coding_agent_plan_and_verify_process/.github/agents/test-design-kernel.agent.md
  content_hash: sha256:748eb9d1db8ace8b9aaadf8bb442fa673b483e6a1a369c1c0c9c493f639f916f
- kind: project-relative
  target: codex
  value: .codex/agents/verification-kernel.toml
  runtime: null
  scope: project
  owners:
  - suusanex/coding_agent_plan_and_verify_process/.github/agents/verification-kernel.agent.md
  active_owner: suusanex/coding_agent_plan_and_verify_process/.github/agents/verification-kernel.agent.md
  content_hash: sha256:f270084aa1312b693b3c2251420f2582d8dd8fa579d1d47b6c6c859ecfd7f50a
